
Microsoft Visual Studio Solution File, Format Version 12.00
# Visual Studio 15
Project("{FAE04EC0-301F-11D3-BF4B-00C04F79EFBC}") = "Assembly-CSharp", "Assembly-CSharp.csproj", "{4ED143D3-2CF4-3FCF-B693-3CB33F38E5AB}"
EndProject
Project("{FAE04EC0-301F-11D3-BF4B-00C04F79EFBC}") = "Assembly-CSharp-firstpass", "Assembly-CSharp-firstpass.csproj", "{259E157D-3131-4A1A-78A9-E1D4A8655736}"
EndProject
Global
	GlobalSection(SolutionConfigurationPlatforms) = preSolution
		Debug|Any CPU = Debug|Any CPU
		Release|Any CPU = Release|Any CPU
	EndGlobalSection
	GlobalSection(ProjectConfigurationPlatforms) = postSolution
		{4ED143D3-2CF4-3FCF-B693-3CB33F38E5AB}.Debug|Any CPU.ActiveCfg = Debug|Any CPU
		{4ED143D3-2CF4-3FCF-B693-3CB33F38E5AB}.Debug|Any CPU.Build.0 = Debug|Any CPU
		{4ED143D3-2CF4-3FCF-B693-3CB33F38E5AB}.Release|Any CPU.ActiveCfg = Release|Any CPU
		{4ED143D3-2CF4-3FCF-B693-3CB33F38E5AB}.Release|Any CPU.Build.0 = Release|Any CPU
		{259E157D-3131-4A1A-78A9-E1D4A8655736}.Debug|Any CPU.ActiveCfg = Debug|Any CPU
		{259E157D-3131-4A1A-78A9-E1D4A8655736}.Debug|Any CPU.Build.0 = Debug|Any CPU
		{259E157D-3131-4A1A-78A9-E1D4A8655736}.Release|Any CPU.ActiveCfg = Release|Any CPU
		{259E157D-3131-4A1A-78A9-E1D4A8655736}.Release|Any CPU.Build.0 = Release|Any CPU
	EndGlobalSection
	GlobalSection(SolutionProperties) = preSolution
		HideSolutionNode = FALSE
	EndGlobalSection
EndGlobal
